
Microsoft Visual Studio Solution File, Format Version 12.00
# Visual Studio 2012
Project("{FAE04EC0-301F-11D3-BF4B-00C04F79EFBC}") = "BoiteMessages", "BoiteMessages\BoiteMessages.csproj", "{A809D84B-8C60-4798-9ABE-1469EE447817}"
EndProject
Project("{6141683F-8A12-4E36-9623-2EB02B2C2303}") = "Setup", "Setup\Setup.isproj", "{9BFEEF04-C4D5-4F32-A1F3-DAA82A841A15}"
	ProjectSection(ProjectDependencies) = postProject
		{A809D84B-8C60-4798-9ABE-1469EE447817} = {A809D84B-8C60-4798-9ABE-1469EE447817}
	EndProjectSection
EndProject
Global
	GlobalSection(SolutionConfigurationPlatforms) = preSolution
		CD_ROM|Any CPU = CD_ROM|Any CPU
		Debug|Any CPU = Debug|Any CPU
		DVD-5|Any CPU = DVD-5|Any CPU
		Release|Any CPU = Release|Any CPU
		SingleImage|Any CPU = SingleImage|Any CPU
	EndGlobalSection
	GlobalSection(ProjectConfigurationPlatforms) = postSolution
		{A809D84B-8C60-4798-9ABE-1469EE447817}.CD_ROM|Any CPU.ActiveCfg = Release|Any CPU
		{A809D84B-8C60-4798-9ABE-1469EE447817}.CD_ROM|Any CPU.Build.0 = Release|Any CPU
		{A809D84B-8C60-4798-9ABE-1469EE447817}.Debug|Any CPU.ActiveCfg = Debug|Any CPU
		{A809D84B-8C60-4798-9ABE-1469EE447817}.Debug|Any CPU.Build.0 = Debug|Any CPU
		{A809D84B-8C60-4798-9ABE-1469EE447817}.DVD-5|Any CPU.ActiveCfg = Debug|Any CPU
		{A809D84B-8C60-4798-9ABE-1469EE447817}.DVD-5|Any CPU.Build.0 = Debug|Any CPU
		{A809D84B-8C60-4798-9ABE-1469EE447817}.Release|Any CPU.ActiveCfg = Release|Any CPU
		{A809D84B-8C60-4798-9ABE-1469EE447817}.Release|Any CPU.Build.0 = Release|Any CPU
		{A809D84B-8C60-4798-9ABE-1469EE447817}.SingleImage|Any CPU.ActiveCfg = Release|Any CPU
		{A809D84B-8C60-4798-9ABE-1469EE447817}.SingleImage|Any CPU.Build.0 = Release|Any CPU
		{9BFEEF04-C4D5-4F32-A1F3-DAA82A841A15}.CD_ROM|Any CPU.ActiveCfg = CD_ROM
		{9BFEEF04-C4D5-4F32-A1F3-DAA82A841A15}.CD_ROM|Any CPU.Build.0 = CD_ROM
		{9BFEEF04-C4D5-4F32-A1F3-DAA82A841A15}.Debug|Any CPU.ActiveCfg = DVD-5
		{9BFEEF04-C4D5-4F32-A1F3-DAA82A841A15}.Debug|Any CPU.Build.0 = DVD-5
		{9BFEEF04-C4D5-4F32-A1F3-DAA82A841A15}.DVD-5|Any CPU.ActiveCfg = DVD-5
		{9BFEEF04-C4D5-4F32-A1F3-DAA82A841A15}.DVD-5|Any CPU.Build.0 = DVD-5
		{9BFEEF04-C4D5-4F32-A1F3-DAA82A841A15}.Release|Any CPU.ActiveCfg = SingleImage
		{9BFEEF04-C4D5-4F32-A1F3-DAA82A841A15}.Release|Any CPU.Build.0 = SingleImage
		{9BFEEF04-C4D5-4F32-A1F3-DAA82A841A15}.SingleImage|Any CPU.ActiveCfg = SingleImage
		{9BFEEF04-C4D5-4F32-A1F3-DAA82A841A15}.SingleImage|Any CPU.Build.0 = SingleImage
	EndGlobalSection
	GlobalSection(SolutionProperties) = preSolution
		HideSolutionNode = FALSE
	EndGlobalSection
EndGlobal
